// !$*UTF8*$!
{
	archiveVersion = 1;
	classes = {
	};
	objectVersion = 56;
	objects = {

/* Begin PBXBuildFile section */
		9F02E5052BEBED89007FBD97 /* NOSTYLEApp.swift in Sources */ = {isa = PBXBuildFile; fileRef = 9F02E5042BEBED89007FBD97 /* NOSTYLEApp.swift */; };
		9F02E5072BEBED89007FBD97 /* ContentView.swift in Sources */ = {isa = PBXBuildFile; fileRef = 9F02E5062BEBED89007FBD97 /* ContentView.swift */; };
		9F02E5092BEBED8B007FBD97 /* Assets.xcassets in Resources */ = {isa = PBXBuildFile; fileRef = 9F02E5082BEBED8B007FBD97 /* Assets.xcassets */; };
		9F02E50C2BEBED8B007FBD97 /* Preview Assets.xcassets in Resources */ = {isa = PBXBuildFile; fileRef = 9F02E50B2BEBED8B007FBD97 /* Preview Assets.xcassets */; };
		9F02E5162BEBED8B007FBD97 /* NOSTYLETests.swift in Sources */ = {isa = PBXBuildFile; fileRef = 9F02E5152BEBED8B007FBD97 /* NOSTYLETests.swift */; };
		9F02E5202BEBED8B007FBD97 /* NOSTYLEUITests.swift in Sources */ = {isa = PBXBuildFile; fileRef = 9F02E51F2BEBED8B007FBD97 /* NOSTYLEUITests.swift */; };
		9F02E5222BEBED8B007FBD97 /* NOSTYLEUITestsLaunchTests.swift in Sources */ = {isa = PBXBuildFile; fileRef = 9F02E5212BEBED8B007FBD97 /* NOSTYLEUITestsLaunchTests.swift */; };
		9F02E52F2BEBEE7D007FBD97 /* original.swift in Sources */ = {isa = PBXBuildFile; fileRef = 9F02E52E2BEBEE7D007FBD97 /* original.swift */; };
		9F02E5312BEBF051007FBD97 /* FiltersView.swift in Sources */ = {isa = PBXBuildFile; fileRef = 9F02E5302BEBF051007FBD97 /* FiltersView.swift */; };
		9F02E5352BEBF969007FBD97 /* EditPhoto.swift in Sources */ = {isa = PBXBuildFile; fileRef = 9F02E5342BEBF969007FBD97 /* EditPhoto.swift */; };
		9F02E5372BECBA53007FBD97 /* ImageView.swift in Sources */ = {isa = PBXBuildFile; fileRef = 9F02E5362BECBA53007FBD97 /* ImageView.swift */; };
		9F02E5392BED5320007FBD97 /* rotate.swift in Sources */ = {isa = PBXBuildFile; fileRef = 9F02E5382BED531F007FBD97 /* rotate.swift */; };
		9F02E53B2BED5B73007FBD97 /* rotateView.swift in Sources */ = {isa = PBXBuildFile; fileRef = 9F02E53A2BED5B73007FBD97 /* rotateView.swift */; };
		9F02E53D2BEDE9E5007FBD97 /* filters.swift in Sources */ = {isa = PBXBuildFile; fileRef = 9F02E53C2BEDE9E5007FBD97 /* filters.swift */; };
/* End PBXBuildFile section */

/* Begin PBXContainerItemProxy section */
		9F02E5122BEBED8B007FBD97 /* PBXContainerItemProxy */ = {
			isa = PBXContainerItemProxy;
			containerPortal = 9F02E4F92BEBED89007FBD97 /* Project object */;
			proxyType = 1;
			remoteGlobalIDString = 9F02E5002BEBED89007FBD97;
			remoteInfo = NOSTYLE;
		};
		9F02E51C2BEBED8B007FBD97 /* PBXContainerItemProxy */ = {
			isa = PBXContainerItemProxy;
			containerPortal = 9F02E4F92BEBED89007FBD97 /* Project object */;
			proxyType = 1;
			remoteGlobalIDString = 9F02E5002BEBED89007FBD97;
			remoteInfo = NOSTYLE;
		};
/* End PBXContainerItemProxy section */

/* Begin PBXFileReference section */
		9F02E5012BEBED89007FBD97 /* NOSTYLE.app */ = {isa = PBXFileReference; explicitFileType = wrapper.application; includeInIndex = 0; path = NOSTYLE.app; sourceTree = BUILT_PRODUCTS_DIR; };
		9F02E5042BEBED89007FBD97 /* NOSTYLEApp.swift */ = {isa = PBXFileReference; lastKnownFileType = sourcecode.swift; path = NOSTYLEApp.swift; sourceTree = "<group>"; };
		9F02E5062BEBED89007FBD97 /* ContentView.swift */ = {isa = PBXFileReference; lastKnownFileType = sourcecode.swift; path = ContentView.swift; sourceTree = "<group>"; };
		9F02E5082BEBED8B007FBD97 /* Assets.xcassets */ = {isa = PBXFileReference; lastKnownFileType = folder.assetcatalog; path = Assets.xcassets; sourceTree = "<group>"; };
		9F02E50B2BEBED8B007FBD97 /* Preview Assets.xcassets */ = {isa = PBXFileReference; lastKnownFileType = folder.assetcatalog; path = "Preview Assets.xcassets"; sourceTree = "<group>"; };
		9F02E5112BEBED8B007FBD97 /* NOSTYLETests.xctest */ = {isa = PBXFileReference; explicitFileType = wrapper.cfbundle; includeInIndex = 0; path = NOSTYLETests.xctest; sourceTree = BUILT_PRODUCTS_DIR; };
		9F02E5152BEBED8B007FBD97 /* NOSTYLETests.swift */ = {isa = PBXFileReference; lastKnownFileType = sourcecode.swift; path = NOSTYLETests.swift; sourceTree = "<group>"; };
		9F02E51B2BEBED8B007FBD97 /* NOSTYLEUITests.xctest */ = {isa = PBXFileReference; explicitFileType = wrapper.cfbundle; includeInIndex = 0; path = NOSTYLEUITests.xctest; sourceTree = BUILT_PRODUCTS_DIR; };
		9F02E51F2BEBED8B007FBD97 /* NOSTYLEUITests.swift */ = {isa = PBXFileReference; lastKnownFileType = sourcecode.swift; path = NOSTYLEUITests.swift; sourceTree = "<group>"; };
		9F02E5212BEBED8B007FBD97 /* NOSTYLEUITestsLaunchTests.swift */ = {isa = PBXFileReference; lastKnownFileType = sourcecode.swift; path = NOSTYLEUITestsLaunchTests.swift; sourceTree = "<group>"; };
		9F02E52E2BEBEE7D007FBD97 /* original.swift */ = {isa = PBXFileReference; lastKnownFileType = sourcecode.swift; path = original.swift; sourceTree = "<group>"; };
		9F02E5302BEBF051007FBD97 /* FiltersView.swift */ = {isa = PBXFileReference; lastKnownFileType = sourcecode.swift; path = FiltersView.swift; sourceTree = "<group>"; };
		9F02E5342BEBF969007FBD97 /* EditPhoto.swift */ = {isa = PBXFileReference; lastKnownFileType = sourcecode.swift; path = EditPhoto.swift; sourceTree = "<group>"; };
		9F02E5362BECBA53007FBD97 /* ImageView.swift */ = {isa = PBXFileReference; lastKnownFileType = sourcecode.swift; path = ImageView.swift; sourceTree = "<group>"; };
		9F02E5382BED531F007FBD97 /* rotate.swift */ = {isa = PBXFileReference; lastKnownFileType = sourcecode.swift; path = rotate.swift; sourceTree = "<group>"; };
		9F02E53A2BED5B73007FBD97 /* rotateView.swift */ = {isa = PBXFileReference; lastKnownFileType = sourcecode.swift; path = rotateView.swift; sourceTree = "<group>"; };
		9F02E53C2BEDE9E5007FBD97 /* filters.swift */ = {isa = PBXFileReference; lastKnownFileType = sourcecode.swift; path = filters.swift; sourceTree = "<group>"; };
/* End PBXFileReference section */

/* Begin PBXFrameworksBuildPhase section */
		9F02E4FE2BEBED89007FBD97 /* Frameworks */ = {
			isa = PBXFrameworksBuildPhase;
			buildActionMask = 2147483647;
			files = (
			);
			runOnlyForDeploymentPostprocessing = 0;
		};
		9F02E50E2BEBED8B007FBD97 /* Frameworks */ = {
			isa = PBXFrameworksBuildPhase;
			buildActionMask = 2147483647;
			files = (
			);
			runOnlyForDeploymentPostprocessing = 0;
		};
		9F02E5182BEBED8B007FBD97 /* Frameworks */ = {
			isa = PBXFrameworksBuildPhase;
			buildActionMask = 2147483647;
			files = (
			);
			runOnlyForDeploymentPostprocessing = 0;
		};
/* End PBXFrameworksBuildPhase section */

/* Begin PBXGroup section */
		9F02E4F82BEBED89007FBD97 = {
			isa = PBXGroup;
			children = (
				9F02E53A2BED5B73007FBD97 /* rotateView.swift */,
				9F02E5032BEBED89007FBD97 /* NOSTYLE */,
				9F02E5142BEBED8B007FBD97 /* NOSTYLETests */,
				9F02E51E2BEBED8B007FBD97 /* NOSTYLEUITests */,
				9F02E5022BEBED89007FBD97 /* Products */,
			);
			sourceTree = "<group>";
		};
		9F02E5022BEBED89007FBD97 /* Products */ = {
			isa = PBXGroup;
			children = (
				9F02E5012BEBED89007FBD97 /* NOSTYLE.app */,
				9F02E5112BEBED8B007FBD97 /* NOSTYLETests.xctest */,
				9F02E51B2BEBED8B007FBD97 /* NOSTYLEUITests.xctest */,
			);
			name = Products;
			sourceTree = "<group>";
		};
		9F02E5032BEBED89007FBD97 /* NOSTYLE */ = {
			isa = PBXGroup;
			children = (
				9F02E5042BEBED89007FBD97 /* NOSTYLEApp.swift */,
				9F02E5062BEBED89007FBD97 /* ContentView.swift */,
				9F02E5082BEBED8B007FBD97 /* Assets.xcassets */,
				9F02E50A2BEBED8B007FBD97 /* Preview Content */,
				9F02E52E2BEBEE7D007FBD97 /* original.swift */,
				9F02E5302BEBF051007FBD97 /* FiltersView.swift */,
				9F02E5342BEBF969007FBD97 /* EditPhoto.swift */,
				9F02E5362BECBA53007FBD97 /* ImageView.swift */,
				9F02E5382BED531F007FBD97 /* rotate.swift */,
				9F02E53C2BEDE9E5007FBD97 /* filters.swift */,
			);
			path = NOSTYLE;
			sourceTree = "<group>";
		};
		9F02E50A2BEBED8B007FBD97 /* Preview Content */ = {
			isa = PBXGroup;
			children = (
				9F02E50B2BEBED8B007FBD97 /* Preview Assets.xcassets */,
			);
			path = "Preview Content";
			sourceTree = "<group>";
		};
		9F02E5142BEBED8B007FBD97 /* NOSTYLETests */ = {
			isa = PBXGroup;
			children = (
				9F02E5152BEBED8B007FBD97 /* NOSTYLETests.swift */,
			);
			path = NOSTYLETests;
			sourceTree = "<group>";
		};
		9F02E51E2BEBED8B007FBD97 /* NOSTYLEUITests */ = {
			isa = PBXGroup;
			children = (
				9F02E51F2BEBED8B007FBD97 /* NOSTYLEUITests.swift */,
				9F02E5212BEBED8B007FBD97 /* NOSTYLEUITestsLaunchTests.swift */,
			);
			path = NOSTYLEUITests;
			sourceTree = "<group>";
		};
/* End PBXGroup section */

/* Begin PBXNativeTarget section */
		9F02E5002BEBED89007FBD97 /* NOSTYLE */ = {
			isa = PBXNativeTarget;
			buildConfigurationList = 9F02E5252BEBED8B007FBD97 /* Build configuration list for PBXNativeTarget "NOSTYLE" */;
			buildPhases = (
				9F02E4FD2BEBED89007FBD97 /* Sources */,
				9F02E4FE2BEBED89007FBD97 /* Frameworks */,
				9F02E4FF2BEBED89007FBD97 /* Resources */,
			);
			buildRules = (
			);
			dependencies = (
			);
			name = NOSTYLE;
			productName = NOSTYLE;
			productReference = 9F02E5012BEBED89007FBD97 /* NOSTYLE.app */;
			productType = "com.apple.product-type.application";
		};
		9F02E5102BEBED8B007FBD97 /* NOSTYLETests */ = {
			isa = PBXNativeTarget;
			buildConfigurationList = 9F02E5282BEBED8B007FBD97 /* Build configuration list for PBXNativeTarget "NOSTYLETests" */;
			buildPhases = (
				9F02E50D2BEBED8B007FBD97 /* Sources */,
				9F02E50E2BEBED8B007FBD97 /* Frameworks */,
				9F02E50F2BEBED8B007FBD97 /* Resources */,
			);
			buildRules = (
			);
			dependencies = (
				9F02E5132BEBED8B007FBD97 /* PBXTargetDependency */,
			);
			name = NOSTYLETests;
			productName = NOSTYLETests;
			productReference = 9F02E5112BEBED8B007FBD97 /* NOSTYLETests.xctest */;
			productType = "com.apple.product-type.bundle.unit-test";
		};
		9F02E51A2BEBED8B007FBD97 /* NOSTYLEUITests */ = {
			isa = PBXNativeTarget;
			buildConfigurationList = 9F02E52B2BEBED8B007FBD97 /* Build configuration list for PBXNativeTarget "NOSTYLEUITests" */;
			buildPhases = (
				9F02E5172BEBED8B007FBD97 /* Sources */,
				9F02E5182BEBED8B007FBD97 /* Frameworks */,
				9F02E5192BEBED8B007FBD97 /* Resources */,
			);
			buildRules = (
			);
			dependencies = (
				9F02E51D2BEBED8B007FBD97 /* PBXTargetDependency */,
			);
			name = NOSTYLEUITests;
			productName = NOSTYLEUITests;
			productReference = 9F02E51B2BEBED8B007FBD97 /* NOSTYLEUITests.xctest */;
			productType = "com.apple.product-type.bundle.ui-testing";
		};
/* End PBXNativeTarget section */

/* Begin PBXProject section */
		9F02E4F92BEBED89007FBD97 /* Project object */ = {
			isa = PBXProject;
			attributes = {
				BuildIndependentTargetsInParallel = 1;
				LastSwiftUpdateCheck = 1530;
				LastUpgradeCheck = 1530;
				TargetAttributes = {
					9F02E5002BEBED89007FBD97 = {
						CreatedOnToolsVersion = 15.3;
					};
					9F02E5102BEBED8B007FBD97 = {
						CreatedOnToolsVersion = 15.3;
						TestTargetID = 9F02E5002BEBED89007FBD97;
					};
					9F02E51A2BEBED8B007FBD97 = {
						CreatedOnToolsVersion = 15.3;
						TestTargetID = 9F02E5002BEBED89007FBD97;
					};
				};
			};
			buildConfigurationList = 9F02E4FC2BEBED89007FBD97 /* Build configuration list for PBXProject "NOSTYLE" */;
			compatibilityVersion = "Xcode 14.0";
			developmentRegion = en;
			hasScannedForEncodings = 0;
			knownRegions = (
				en,
				Base,
			);
			mainGroup = 9F02E4F82BEBED89007FBD97;
			productRefGroup = 9F02E5022BEBED89007FBD97 /* Products */;
			projectDirPath = "";
			projectRoot = "";
			targets = (
				9F02E5002BEBED89007FBD97 /* NOSTYLE */,
				9F02E5102BEBED8B007FBD97 /* NOSTYLETests */,
				9F02E51A2BEBED8B007FBD97 /* NOSTYLEUITests */,
			);
		};
/* End PBXProject section */

/* Begin PBXResourcesBuildPhase section */
		9F02E4FF2BEBED89007FBD97 /* Resources */ = {
			isa = PBXResourcesBuildPhase;
			buildActionMask = 2147483647;
			files = (
				9F02E50C2BEBED8B007FBD97 /* Preview Assets.xcassets in Resources */,
				9F02E5092BEBED8B007FBD97 /* Assets.xcassets in Resources */,
			);
			runOnlyForDeploymentPostprocessing = 0;
		};
		9F02E50F2BEBED8B007FBD97 /* Resources */ = {
			isa = PBXResourcesBuildPhase;
			buildActionMask = 2147483647;
			files = (
			);
			runOnlyForDeploymentPostprocessing = 0;
		};
		9F02E5192BEBED8B007FBD97 /* Resources */ = {
			isa = PBXResourcesBuildPhase;
			buildActionMask = 2147483647;
			files = (
			);
			runOnlyForDeploymentPostprocessing = 0;
		};
/* End PBXResourcesBuildPhase section */

/* Begin PBXSourcesBuildPhase section */
		9F02E4FD2BEBED89007FBD97 /* Sources */ = {
			isa = PBXSourcesBuildPhase;
			buildActionMask = 2147483647;
			files = (
				9F02E5372BECBA53007FBD97 /* ImageView.swift in Sources */,
				9F02E53D2BEDE9E5007FBD97 /* filters.swift in Sources */,
				9F02E5312BEBF051007FBD97 /* FiltersView.swift in Sources */,
				9F02E5392BED5320007FBD97 /* rotate.swift in Sources */,
				9F02E5352BEBF969007FBD97 /* EditPhoto.swift in Sources */,
				9F02E5072BEBED89007FBD97 /* ContentView.swift in Sources */,
				9F02E53B2BED5B73007FBD97 /* rotateView.swift in Sources */,
				9F02E52F2BEBEE7D007FBD97 /* original.swift in Sources */,
				9F02E5052BEBED89007FBD97 /* NOSTYLEApp.swift in Sources */,
			);
			runOnlyForDeploymentPostprocessing = 0;
		};
		9F02E50D2BEBED8B007FBD97 /* Sources */ = {
			isa = PBXSourcesBuildPhase;
			buildActionMask = 2147483647;
			files = (
				9F02E5162BEBED8B007FBD97 /* NOSTYLETests.swift in Sources */,
			);
			runOnlyForDeploymentPostprocessing = 0;
		};
		9F02E5172BEBED8B007FBD97 /* Sources */ = {
			isa = PBXSourcesBuildPhase;
			buildActionMask = 2147483647;
			files = (
				9F02E5202BEBED8B007FBD97 /* NOSTYLEUITests.swift in Sources */,
				9F02E5222BEBED8B007FBD97 /* NOSTYLEUITestsLaunchTests.swift in Sources */,
			);
			runOnlyForDeploymentPostprocessing = 0;
		};
/* End PBXSourcesBuildPhase section */

/* Begin PBXTargetDependency section */
		9F02E5132BEBED8B007FBD97 /* PBXTargetDependency */ = {
			isa = PBXTargetDependency;
			target = 9F02E5002BEBED89007FBD97 /* NOSTYLE */;
			targetProxy = 9F02E5122BEBED8B007FBD97 /* PBXContainerItemProxy */;
		};
		9F02E51D2BEBED8B007FBD97 /* PBXTargetDependency */ = {
			isa = PBXTargetDependency;
			target = 9F02E5002BEBED89007FBD97 /* NOSTYLE */;
			targetProxy = 9F02E51C2BEBED8B007FBD97 /* PBXContainerItemProxy */;
		};
/* End PBXTargetDependency section */

/* Begin XCBuildConfiguration section */
		9F02E5232BEBED8B007FBD97 /* Debug */ = {
			isa = XCBuildConfiguration;
			buildSettings = {
				ALWAYS_SEARCH_USER_PATHS = NO;
				ASSETCATALOG_COMPILER_GENERATE_SWIFT_ASSET_SYMBOL_EXTENSIONS = YES;
				CLANG_ANALYZER_NONNULL = YES;
				CLANG_ANALYZER_NUMBER_OBJECT_CONVERSION = YES_AGGRESSIVE;
				CLANG_CXX_LANGUAGE_STANDARD = "gnu++20";
				CLANG_ENABLE_MODULES = YES;
				CLANG_ENABLE_OBJC_ARC = YES;
				CLANG_ENABLE_OBJC_WEAK = YES;
				CLANG_WARN_BLOCK_CAPTURE_AUTORELEASING = YES;
				CLANG_WARN_BOOL_CONVERSION = YES;
				CLANG_WARN_COMMA = YES;
				CLANG_WARN_CONSTANT_CONVERSION = YES;
				CLANG_WARN_DEPRECATED_OBJC_IMPLEMENTATIONS = YES;
				CLANG_WARN_DIRECT_OBJC_ISA_USAGE = YES_ERROR;
				CLANG_WARN_DOCUMENTATION_COMMENTS = YES;
				CLANG_WARN_EMPTY_BODY = YES;
				CLANG_WARN_ENUM_CONVERSION = YES;
				CLANG_WARN_INFINITE_RECURSION = YES;
				CLANG_WARN_INT_CONVERSION = YES;
				CLANG_WARN_NON_LITERAL_NULL_CONVERSION = YES;
				CLANG_WARN_OBJC_IMPLICIT_RETAIN_SELF = YES;
				CLANG_WARN_OBJC_LITERAL_CONVERSION = YES;
				CLANG_WARN_OBJC_ROOT_CLASS = YES_ERROR;
				CLANG_WARN_QUOTED_INCLUDE_IN_FRAMEWORK_HEADER = YES;
				CLANG_WARN_RANGE_LOOP_ANALYSIS = YES;
				CLANG_WARN_STRICT_PROTOTYPES = YES;
				CLANG_WARN_SUSPICIOUS_MOVE = YES;
				CLANG_WARN_UNGUARDED_AVAILABILITY = YES_AGGRESSIVE;
				CLANG_WARN_UNREACHABLE_CODE = YES;
				CLANG_WARN__DUPLICATE_METHOD_MATCH = YES;
				COPY_PHASE_STRIP = NO;
				DEBUG_INFORMATION_FORMAT = dwarf;
				ENABLE_STRICT_OBJC_MSGSEND = YES;
				ENABLE_TESTABILITY = YES;
				ENABLE_USER_SCRIPT_SANDBOXING = YES;
				GCC_C_LANGUAGE_STANDARD = gnu17;
				GCC_DYNAMIC_NO_PIC = NO;
				GCC_NO_COMMON_BLOCKS = YES;
				GCC_OPTIMIZATION_LEVEL = 0;
				GCC_PREPROCESSOR_DEFINITIONS = (
					"DEBUG=1",
					"$(inherited)",
				);
				GCC_WARN_64_TO_32_BIT_CONVERSION = YES;
				GCC_WARN_ABOUT_RETURN_TYPE = YES_ERROR;
				GCC_WARN_UNDECLARED_SELECTOR = YES;
				GCC_WARN_UNINITIALIZED_AUTOS = YES_AGGRESSIVE;
				GCC_WARN_UNUSED_FUNCTION = YES;
				GCC_WARN_UNUSED_VARIABLE = YES;
				IPHONEOS_DEPLOYMENT_TARGET = 17.4;
				LOCALIZATION_PREFERS_STRING_CATALOGS = YES;
				MTL_ENABLE_DEBUG_INFO = INCLUDE_SOURCE;
				MTL_FAST_MATH = YES;
				ONLY_ACTIVE_ARCH = YES;
				SDKROOT = iphoneos;
				SWIFT_ACTIVE_COMPILATION_CONDITIONS = "DEBUG $(inherited)";
				SWIFT_OPTIMIZATION_LEVEL = "-Onone";
			};
			name = Debug;
		};
		9F02E5242BEBED8B007FBD97 /* Release */ = {
			isa = XCBuildConfiguration;
			buildSettings = {
				ALWAYS_SEARCH_USER_PATHS = NO;
				ASSETCATALOG_COMPILER_GENERATE_SWIFT_ASSET_SYMBOL_EXTENSIONS = YES;
				CLANG_ANALYZER_NONNULL = YES;
				CLANG_ANALYZER_NUMBER_OBJECT_CONVERSION = YES_AGGRESSIVE;
				CLANG_CXX_LANGUAGE_STANDARD = "gnu++20";
				CLANG_ENABLE_MODULES = YES;
				CLANG_ENABLE_OBJC_ARC = YES;
				CLANG_ENABLE_OBJC_WEAK = YES;
				CLANG_WARN_BLOCK_CAPTURE_AUTORELEASING = YES;
				CLANG_WARN_BOOL_CONVERSION = YES;
				CLANG_WARN_COMMA = YES;
				CLANG_WARN_CONSTANT_CONVERSION = YES;
				CLANG_WARN_DEPRECATED_OBJC_IMPLEMENTATIONS = YES;
				CLANG_WARN_DIRECT_OBJC_ISA_USAGE = YES_ERROR;
				CLANG_WARN_DOCUMENTATION_COMMENTS = YES;
				CLANG_WARN_EMPTY_BODY = YES;
				CLANG_WARN_ENUM_CONVERSION = YES;
				CLANG_WARN_INFINITE_RECURSION = YES;
				CLANG_WARN_INT_CONVERSION = YES;
				CLANG_WARN_NON_LITERAL_NULL_CONVERSION = YES;
				CLANG_WARN_OBJC_IMPLICIT_RETAIN_SELF = YES;
				CLANG_WARN_OBJC_LITERAL_CONVERSION = YES;
				CLANG_WARN_OBJC_ROOT_CLASS = YES_ERROR;
				CLANG_WARN_QUOTED_INCLUDE_IN_FRAMEWORK_HEADER = YES;
				CLANG_WARN_RANGE_LOOP_ANALYSIS = YES;
				CLANG_WARN_STRICT_PROTOTYPES = YES;
				CLANG_WARN_SUSPICIOUS_MOVE = YES;
				CLANG_WARN_UNGUARDED_AVAILABILITY = YES_AGGRESSIVE;
				CLANG_WARN_UNREACHABLE_CODE = YES;
				CLANG_WARN__DUPLICATE_METHOD_MATCH = YES;
				COPY_PHASE_STRIP = NO;
				DEBUG_INFORMATION_FORMAT = "dwarf-with-dsym";
				ENABLE_NS_ASSERTIONS = NO;
				ENABLE_STRICT_OBJC_MSGSEND = YES;
				ENABLE_USER_SCRIPT_SANDBOXING = YES;
				GCC_C_LANGUAGE_STANDARD = gnu17;
				GCC_NO_COMMON_BLOCKS = YES;
				GCC_WARN_64_TO_32_BIT_CONVERSION = YES;
				GCC_WARN_ABOUT_RETURN_TYPE = YES_ERROR;
				GCC_WARN_UNDECLARED_SELECTOR = YES;
				GCC_WARN_UNINITIALIZED_AUTOS = YES_AGGRESSIVE;
				GCC_WARN_UNUSED_FUNCTION = YES;
				GCC_WARN_UNUSED_VARIABLE = YES;
				IPHONEOS_DEPLOYMENT_TARGET = 17.4;
				LOCALIZATION_PREFERS_STRING_CATALOGS = YES;
				MTL_ENABLE_DEBUG_INFO = NO;
				MTL_FAST_MATH = YES;
				SDKROOT = iphoneos;
				SWIFT_COMPILATION_MODE = wholemodule;
				VALIDATE_PRODUCT = YES;
			};
			name = Release;
		};
		9F02E5262BEBED8B007FBD97 /* Debug */ = {
			isa = XCBuildConfiguration;
			buildSettings = {
				ASSETCATALOG_COMPILER_APPICON_NAME = AppIcon;
				ASSETCATALOG_COMPILER_GLOBAL_ACCENT_COLOR_NAME = AccentColor;
				CODE_SIGN_STYLE = Automatic;
				CURRENT_PROJECT_VERSION = 1;
				DEVELOPMENT_ASSET_PATHS = "\"NOSTYLE/Preview Content\"";
				ENABLE_PREVIEWS = YES;
				GENERATE_INFOPLIST_FILE = YES;
				INFOPLIST_KEY_UIApplicationSceneManifest_Generation = YES;
				INFOPLIST_KEY_UIApplicationSupportsIndirectInputEvents = YES;
				INFOPLIST_KEY_UILaunchScreen_Generation = YES;
				INFOPLIST_KEY_UISupportedInterfaceOrientations_iPad = "UIInterfaceOrientationPortrait UIInterfaceOrientationPortraitUpsideDown UIInterfaceOrientationLandscapeLeft UIInterfaceOrientationLandscapeRight";
				INFOPLIST_KEY_UISupportedInterfaceOrientations_iPhone = "UIInterfaceOrientationPortrait UIInterfaceOrientationLandscapeLeft UIInterfaceOrientationLandscapeRight";
				LD_RUNPATH_SEARCH_PATHS = (
					"$(inherited)",
					"@executable_path/Frameworks",
				);
				MARKETING_VERSION = 1.0;
				PRODUCT_BUNDLE_IDENTIFIER = com.GlebPasha.NOSTYLE;
				PRODUCT_NAME = "$(TARGET_NAME)";
				SWIFT_EMIT_LOC_STRINGS = YES;
				SWIFT_VERSION = 5.0;
				TARGETED_DEVICE_FAMILY = "1,2";
			};
			name = Debug;
		};
		9F02E5272BEBED8B007FBD97 /* Release */ = {
			isa = XCBuildConfiguration;
			buildSettings = {
				ASSETCATALOG_COMPILER_APPICON_NAME = AppIcon;
				ASSETCATALOG_COMPILER_GLOBAL_ACCENT_COLOR_NAME = AccentColor;
				CODE_SIGN_STYLE = Automatic;
				CURRENT_PROJECT_VERSION = 1;
				DEVELOPMENT_ASSET_PATHS = "\"NOSTYLE/Preview Content\"";
				ENABLE_PREVIEWS = YES;
				GENERATE_INFOPLIST_FILE = YES;
				INFOPLIST_KEY_UIApplicationSceneManifest_Generation = YES;
				INFOPLIST_KEY_UIApplicationSupportsIndirectInputEvents = YES;
				INFOPLIST_KEY_UILaunchScreen_Generation = YES;
				INFOPLIST_KEY_UISupportedInterfaceOrientations_iPad = "UIInterfaceOrientationPortrait UIInterfaceOrientationPortraitUpsideDown UIInterfaceOrientationLandscapeLeft UIInterfaceOrientationLandscapeRight";
				INFOPLIST_KEY_UISupportedInterfaceOrientations_iPhone = "UIInterfaceOrientationPortrait UIInterfaceOrientationLandscapeLeft UIInterfaceOrientationLandscapeRight";
				LD_RUNPATH_SEARCH_PATHS = (
					"$(inherited)",
					"@executable_path/Frameworks",
				);
				MARKETING_VERSION = 1.0;
				PRODUCT_BUNDLE_IDENTIFIER = com.GlebPasha.NOSTYLE;
				PRODUCT_NAME = "$(TARGET_NAME)";
				SWIFT_EMIT_LOC_STRINGS = YES;
				SWIFT_VERSION = 5.0;
				TARGETED_DEVICE_FAMILY = "1,2";
			};
			name = Release;
		};
		9F02E5292BEBED8B007FBD97 /* Debug */ = {
			isa = XCBuildConfiguration;
			buildSettings = {
				ALWAYS_EMBED_SWIFT_STANDARD_LIBRARIES = YES;
				BUNDLE_LOADER = "$(TEST_HOST)";
				CODE_SIGN_STYLE = Automatic;
				CURRENT_PROJECT_VERSION = 1;
				GENERATE_INFOPLIST_FILE = YES;
				IPHONEOS_DEPLOYMENT_TARGET = 17.4;
				MARKETING_VERSION = 1.0;
				PRODUCT_BUNDLE_IDENTIFIER = com.GlebPasha.NOSTYLETests;
				PRODUCT_NAME = "$(TARGET_NAME)";
				SWIFT_EMIT_LOC_STRINGS = NO;
				SWIFT_VERSION = 5.0;
				TARGETED_DEVICE_FAMILY = "1,2";
				TEST_HOST = "$(BUILT_PRODUCTS_DIR)/NOSTYLE.app/$(BUNDLE_EXECUTABLE_FOLDER_PATH)/NOSTYLE";
			};
			name = Debug;
		};
		9F02E52A2BEBED8B007FBD97 /* Release */ = {
			isa = XCBuildConfiguration;
			buildSettings = {
				ALWAYS_EMBED_SWIFT_STANDARD_LIBRARIES = YES;
				BUNDLE_LOADER = "$(TEST_HOST)";
				CODE_SIGN_STYLE = Automatic;
				CURRENT_PROJECT_VERSION = 1;
				GENERATE_INFOPLIST_FILE = YES;
				IPHONEOS_DEPLOYMENT_TARGET = 17.4;
				MARKETING_VERSION = 1.0;
				PRODUCT_BUNDLE_IDENTIFIER = com.GlebPasha.NOSTYLETests;
				PRODUCT_NAME = "$(TARGET_NAME)";
				SWIFT_EMIT_LOC_STRINGS = NO;
				SWIFT_VERSION = 5.0;
				TARGETED_DEVICE_FAMILY = "1,2";
				TEST_HOST = "$(BUILT_PRODUCTS_DIR)/NOSTYLE.app/$(BUNDLE_EXECUTABLE_FOLDER_PATH)/NOSTYLE";
			};
			name = Release;
		};
		9F02E52C2BEBED8B007FBD97 /* Debug */ = {
			isa = XCBuildConfiguration;
			buildSettings = {
				ALWAYS_EMBED_SWIFT_STANDARD_LIBRARIES = YES;
				CODE_SIGN_STYLE = Automatic;
				CURRENT_PROJECT_VERSION = 1;
				GENERATE_INFOPLIST_FILE = YES;
				MARKETING_VERSION = 1.0;
				PRODUCT_BUNDLE_IDENTIFIER = com.GlebPasha.NOSTYLEUITests;
				PRODUCT_NAME = "$(TARGET_NAME)";
				SWIFT_EMIT_LOC_STRINGS = NO;
				SWIFT_VERSION = 5.0;
				TARGETED_DEVICE_FAMILY = "1,2";
				TEST_TARGET_NAME = NOSTYLE;
			};
			name = Debug;
		};
		9F02E52D2BEBED8B007FBD97 /* Release */ = {
			isa = XCBuildConfiguration;
			buildSettings = {
				ALWAYS_EMBED_SWIFT_STANDARD_LIBRARIES = YES;
				CODE_SIGN_STYLE = Automatic;
				CURRENT_PROJECT_VERSION = 1;
				GENERATE_INFOPLIST_FILE = YES;
				MARKETING_VERSION = 1.0;
				PRODUCT_BUNDLE_IDENTIFIER = com.GlebPasha.NOSTYLEUITests;
				PRODUCT_NAME = "$(TARGET_NAME)";
				SWIFT_EMIT_LOC_STRINGS = NO;
				SWIFT_VERSION = 5.0;
				TARGETED_DEVICE_FAMILY = "1,2";
				TEST_TARGET_NAME = NOSTYLE;
			};
			name = Release;
		};
/* End XCBuildConfiguration section */

/* Begin XCConfigurationList section */
		9F02E4FC2BEBED89007FBD97 /* Build configuration list for PBXProject "NOSTYLE" */ = {
			isa = XCConfigurationList;
			buildConfigurations = (
				9F02E5232BEBED8B007FBD97 /* Debug */,
				9F02E5242BEBED8B007FBD97 /* Release */,
			);
			defaultConfigurationIsVisible = 0;
			defaultConfigurationName = Release;
		};
		9F02E5252BEBED8B007FBD97 /* Build configuration list for PBXNativeTarget "NOSTYLE" */ = {
			isa = XCConfigurationList;
			buildConfigurations = (
				9F02E5262BEBED8B007FBD97 /* Debug */,
				9F02E5272BEBED8B007FBD97 /* Release */,
			);
			defaultConfigurationIsVisible = 0;
			defaultConfigurationName = Release;
		};
		9F02E5282BEBED8B007FBD97 /* Build configuration list for PBXNativeTarget "NOSTYLETests" */ = {
			isa = XCConfigurationList;
			buildConfigurations = (
				9F02E5292BEBED8B007FBD97 /* Debug */,
				9F02E52A2BEBED8B007FBD97 /* Release */,
			);
			defaultConfigurationIsVisible = 0;
			defaultConfigurationName = Release;
		};
		9F02E52B2BEBED8B007FBD97 /* Build configuration list for PBXNativeTarget "NOSTYLEUITests" */ = {
			isa = XCConfigurationList;
			buildConfigurations = (
				9F02E52C2BEBED8B007FBD97 /* Debug */,
				9F02E52D2BEBED8B007FBD97 /* Release */,
			);
			defaultConfigurationIsVisible = 0;
			defaultConfigurationName = Release;
		};
/* End XCConfigurationList section */
	};
	rootObject = 9F02E4F92BEBED89007FBD97 /* Project object */;
}
